// !$*UTF8*$!
{
	archiveVersion = 1;
	classes = {
	};
	objectVersion = 50;
	objects = {

/* Begin PBXBuildFile section */
		B2E8777E22520B0200FA4039 /* material.cpp in Sources */ = {isa = PBXBuildFile; fileRef = B2E8777D22520B0200FA4039 /* material.cpp */; };
		B2E877812252298E00FA4039 /* hitable.cpp in Sources */ = {isa = PBXBuildFile; fileRef = B2E8777F2252298E00FA4039 /* hitable.cpp */; };
		B2EFDD06224BCC29004DA25E /* main.cpp in Sources */ = {isa = PBXBuildFile; fileRef = B2EFDD05224BCC29004DA25E /* main.cpp */; };
		B2EFDD0F224BD0FE004DA25E /* vec3.cpp in Sources */ = {isa = PBXBuildFile; fileRef = B2EFDD0D224BD0FE004DA25E /* vec3.cpp */; };
		B2EFDD12224BDE8C004DA25E /* ray.cpp in Sources */ = {isa = PBXBuildFile; fileRef = B2EFDD10224BDE8C004DA25E /* ray.cpp */; };
		B2EFDD16224CC9D9004DA25E /* sphere.cpp in Sources */ = {isa = PBXBuildFile; fileRef = B2EFDD14224CC9D9004DA25E /* sphere.cpp */; };
		B2EFDD19224CCDB3004DA25E /* hitableList.cpp in Sources */ = {isa = PBXBuildFile; fileRef = B2EFDD17224CCDB3004DA25E /* hitableList.cpp */; };
		B2EFDD1C224CE789004DA25E /* camera.cpp in Sources */ = {isa = PBXBuildFile; fileRef = B2EFDD1A224CE789004DA25E /* camera.cpp */; };
		B2EFDD452250CC53004DA25E /* movingSphere.cpp in Sources */ = {isa = PBXBuildFile; fileRef = B2EFDD432250CC53004DA25E /* movingSphere.cpp */; };
		B2EFDD482250EB40004DA25E /* aabb.cpp in Sources */ = {isa = PBXBuildFile; fileRef = B2EFDD462250EB40004DA25E /* aabb.cpp */; };
		B2EFDD4B2250F0F1004DA25E /* bvhNode.cpp in Sources */ = {isa = PBXBuildFile; fileRef = B2EFDD492250F0F1004DA25E /* bvhNode.cpp */; };
		B2EFDD4E2251B9AE004DA25E /* texture.cpp in Sources */ = {isa = PBXBuildFile; fileRef = B2EFDD4D2251B9AE004DA25E /* texture.cpp */; };
		B2EFDD512251C4AC004DA25E /* perlin.cpp in Sources */ = {isa = PBXBuildFile; fileRef = B2EFDD4F2251C4AC004DA25E /* perlin.cpp */; };
/* End PBXBuildFile section */

/* Begin PBXCopyFilesBuildPhase section */
		B2EFDD00224BCC29004DA25E /* CopyFiles */ = {
			isa = PBXCopyFilesBuildPhase;
			buildActionMask = 2147483647;
			dstPath = /usr/share/man/man1/;
			dstSubfolderSpec = 0;
			files = (
			);
			runOnlyForDeploymentPostprocessing = 1;
		};
/* End PBXCopyFilesBuildPhase section */

/* Begin PBXFileReference section */
		B2E8777D22520B0200FA4039 /* material.cpp */ = {isa = PBXFileReference; lastKnownFileType = sourcecode.cpp.cpp; path = material.cpp; sourceTree = "<group>"; };
		B2E8777F2252298E00FA4039 /* hitable.cpp */ = {isa = PBXFileReference; lastKnownFileType = sourcecode.cpp.cpp; path = hitable.cpp; sourceTree = "<group>"; };
		B2E877802252298E00FA4039 /* hitable.hpp */ = {isa = PBXFileReference; lastKnownFileType = sourcecode.cpp.h; path = hitable.hpp; sourceTree = "<group>"; };
		B2EFDD02224BCC29004DA25E /* BasicRayTracing */ = {isa = PBXFileReference; explicitFileType = "compiled.mach-o.executable"; includeInIndex = 0; path = BasicRayTracing; sourceTree = BUILT_PRODUCTS_DIR; };
		B2EFDD05224BCC29004DA25E /* main.cpp */ = {isa = PBXFileReference; lastKnownFileType = sourcecode.cpp.cpp; path = main.cpp; sourceTree = "<group>"; };
		B2EFDD0D224BD0FE004DA25E /* vec3.cpp */ = {isa = PBXFileReference; lastKnownFileType = sourcecode.cpp.cpp; path = vec3.cpp; sourceTree = "<group>"; };
		B2EFDD0E224BD0FE004DA25E /* vec3.hpp */ = {isa = PBXFileReference; lastKnownFileType = sourcecode.cpp.h; path = vec3.hpp; sourceTree = "<group>"; };
		B2EFDD10224BDE8C004DA25E /* ray.cpp */ = {isa = PBXFileReference; lastKnownFileType = sourcecode.cpp.cpp; path = ray.cpp; sourceTree = "<group>"; };
		B2EFDD11224BDE8C004DA25E /* ray.hpp */ = {isa = PBXFileReference; lastKnownFileType = sourcecode.cpp.h; path = ray.hpp; sourceTree = "<group>"; };
		B2EFDD14224CC9D9004DA25E /* sphere.cpp */ = {isa = PBXFileReference; lastKnownFileType = sourcecode.cpp.cpp; path = sphere.cpp; sourceTree = "<group>"; };
		B2EFDD15224CC9D9004DA25E /* sphere.hpp */ = {isa = PBXFileReference; lastKnownFileType = sourcecode.cpp.h; path = sphere.hpp; sourceTree = "<group>"; };
		B2EFDD17224CCDB3004DA25E /* hitableList.cpp */ = {isa = PBXFileReference; lastKnownFileType = sourcecode.cpp.cpp; path = hitableList.cpp; sourceTree = "<group>"; };
		B2EFDD18224CCDB3004DA25E /* hitableList.hpp */ = {isa = PBXFileReference; lastKnownFileType = sourcecode.cpp.h; path = hitableList.hpp; sourceTree = "<group>"; };
		B2EFDD1A224CE789004DA25E /* camera.cpp */ = {isa = PBXFileReference; lastKnownFileType = sourcecode.cpp.cpp; path = camera.cpp; sourceTree = "<group>"; };
		B2EFDD1B224CE789004DA25E /* camera.hpp */ = {isa = PBXFileReference; lastKnownFileType = sourcecode.cpp.h; path = camera.hpp; sourceTree = "<group>"; };
		B2EFDD1D224D04D7004DA25E /* material.h */ = {isa = PBXFileReference; lastKnownFileType = sourcecode.c.h; path = material.h; sourceTree = "<group>"; };
		B2EFDD432250CC53004DA25E /* movingSphere.cpp */ = {isa = PBXFileReference; lastKnownFileType = sourcecode.cpp.cpp; path = movingSphere.cpp; sourceTree = "<group>"; };
		B2EFDD442250CC53004DA25E /* movingSphere.hpp */ = {isa = PBXFileReference; lastKnownFileType = sourcecode.cpp.h; path = movingSphere.hpp; sourceTree = "<group>"; };
		B2EFDD462250EB40004DA25E /* aabb.cpp */ = {isa = PBXFileReference; lastKnownFileType = sourcecode.cpp.cpp; path = aabb.cpp; sourceTree = "<group>"; };
		B2EFDD472250EB40004DA25E /* aabb.hpp */ = {isa = PBXFileReference; lastKnownFileType = sourcecode.cpp.h; path = aabb.hpp; sourceTree = "<group>"; };
		B2EFDD492250F0F1004DA25E /* bvhNode.cpp */ = {isa = PBXFileReference; lastKnownFileType = sourcecode.cpp.cpp; path = bvhNode.cpp; sourceTree = "<group>"; };
		B2EFDD4A2250F0F1004DA25E /* bvhNode.hpp */ = {isa = PBXFileReference; lastKnownFileType = sourcecode.cpp.h; path = bvhNode.hpp; sourceTree = "<group>"; };
		B2EFDD4C2251B871004DA25E /* texture.hpp */ = {isa = PBXFileReference; lastKnownFileType = sourcecode.cpp.h; path = texture.hpp; sourceTree = "<group>"; };
		B2EFDD4D2251B9AE004DA25E /* texture.cpp */ = {isa = PBXFileReference; lastKnownFileType = sourcecode.cpp.cpp; path = texture.cpp; sourceTree = "<group>"; };
		B2EFDD4F2251C4AC004DA25E /* perlin.cpp */ = {isa = PBXFileReference; lastKnownFileType = sourcecode.cpp.cpp; path = perlin.cpp; sourceTree = "<group>"; };
		B2EFDD502251C4AC004DA25E /* perlin.hpp */ = {isa = PBXFileReference; lastKnownFileType = sourcecode.cpp.h; path = perlin.hpp; sourceTree = "<group>"; };
/* End PBXFileReference section */

/* Begin PBXFrameworksBuildPhase section */
		B2EFDCFF224BCC29004DA25E /* Frameworks */ = {
			isa = PBXFrameworksBuildPhase;
			buildActionMask = 2147483647;
			files = (
			);
			runOnlyForDeploymentPostprocessing = 0;
		};
/* End PBXFrameworksBuildPhase section */

/* Begin PBXGroup section */
		B2EFDCF9224BCC29004DA25E = {
			isa = PBXGroup;
			children = (
				B2EFDD04224BCC29004DA25E /* BasicRayTracing */,
				B2EFDD03224BCC29004DA25E /* Products */,
			);
			sourceTree = "<group>";
		};
		B2EFDD03224BCC29004DA25E /* Products */ = {
			isa = PBXGroup;
			children = (
				B2EFDD02224BCC29004DA25E /* BasicRayTracing */,
			);
			name = Products;
			sourceTree = "<group>";
		};
		B2EFDD04224BCC29004DA25E /* BasicRayTracing */ = {
			isa = PBXGroup;
			children = (
				B2EFDD05224BCC29004DA25E /* main.cpp */,
				B2EFDD0D224BD0FE004DA25E /* vec3.cpp */,
				B2EFDD0E224BD0FE004DA25E /* vec3.hpp */,
				B2EFDD10224BDE8C004DA25E /* ray.cpp */,
				B2EFDD11224BDE8C004DA25E /* ray.hpp */,
				B2EFDD14224CC9D9004DA25E /* sphere.cpp */,
				B2EFDD15224CC9D9004DA25E /* sphere.hpp */,
				B2EFDD17224CCDB3004DA25E /* hitableList.cpp */,
				B2EFDD18224CCDB3004DA25E /* hitableList.hpp */,
				B2EFDD1A224CE789004DA25E /* camera.cpp */,
				B2EFDD1B224CE789004DA25E /* camera.hpp */,
				B2EFDD1D224D04D7004DA25E /* material.h */,
				B2EFDD432250CC53004DA25E /* movingSphere.cpp */,
				B2EFDD442250CC53004DA25E /* movingSphere.hpp */,
				B2EFDD462250EB40004DA25E /* aabb.cpp */,
				B2EFDD472250EB40004DA25E /* aabb.hpp */,
				B2EFDD492250F0F1004DA25E /* bvhNode.cpp */,
				B2EFDD4A2250F0F1004DA25E /* bvhNode.hpp */,
				B2EFDD4C2251B871004DA25E /* texture.hpp */,
				B2EFDD4D2251B9AE004DA25E /* texture.cpp */,
				B2EFDD4F2251C4AC004DA25E /* perlin.cpp */,
				B2EFDD502251C4AC004DA25E /* perlin.hpp */,
				B2E8777D22520B0200FA4039 /* material.cpp */,
				B2E8777F2252298E00FA4039 /* hitable.cpp */,
				B2E877802252298E00FA4039 /* hitable.hpp */,
			);
			path = BasicRayTracing;
			sourceTree = "<group>";
		};
/* End PBXGroup section */

/* Begin PBXNativeTarget section */
		B2EFDD01224BCC29004DA25E /* BasicRayTracing */ = {
			isa = PBXNativeTarget;
			buildConfigurationList = B2EFDD09224BCC29004DA25E /* Build configuration list for PBXNativeTarget "BasicRayTracing" */;
			buildPhases = (
				B2EFDCFE224BCC29004DA25E /* Sources */,
				B2EFDCFF224BCC29004DA25E /* Frameworks */,
				B2EFDD00224BCC29004DA25E /* CopyFiles */,
			);
			buildRules = (
			);
			dependencies = (
			);
			name = BasicRayTracing;
			productName = BasicRayTracing;
			productReference = B2EFDD02224BCC29004DA25E /* BasicRayTracing */;
			productType = "com.apple.product-type.tool";
		};
/* End PBXNativeTarget section */

/* Begin PBXProject section */
		B2EFDCFA224BCC29004DA25E /* Project object */ = {
			isa = PBXProject;
			attributes = {
				LastUpgradeCheck = 1010;
				ORGANIZATIONNAME = harrisonxu;
				TargetAttributes = {
					B2EFDD01224BCC29004DA25E = {
						CreatedOnToolsVersion = 10.1;
					};
				};
			};
			buildConfigurationList = B2EFDCFD224BCC29004DA25E /* Build configuration list for PBXProject "BasicRayTracing" */;
			compatibilityVersion = "Xcode 9.3";
			developmentRegion = en;
			hasScannedForEncodings = 0;
			knownRegions = (
				en,
			);
			mainGroup = B2EFDCF9224BCC29004DA25E;
			productRefGroup = B2EFDD03224BCC29004DA25E /* Products */;
			projectDirPath = "";
			projectRoot = "";
			targets = (
				B2EFDD01224BCC29004DA25E /* BasicRayTracing */,
			);
		};
/* End PBXProject section */

/* Begin PBXSourcesBuildPhase section */
		B2EFDCFE224BCC29004DA25E /* Sources */ = {
			isa = PBXSourcesBuildPhase;
			buildActionMask = 2147483647;
			files = (
				B2EFDD12224BDE8C004DA25E /* ray.cpp in Sources */,
				B2EFDD482250EB40004DA25E /* aabb.cpp in Sources */,
				B2EFDD4E2251B9AE004DA25E /* texture.cpp in Sources */,
				B2EFDD0F224BD0FE004DA25E /* vec3.cpp in Sources */,
				B2EFDD16224CC9D9004DA25E /* sphere.cpp in Sources */,
				B2EFDD512251C4AC004DA25E /* perlin.cpp in Sources */,
				B2EFDD4B2250F0F1004DA25E /* bvhNode.cpp in Sources */,
				B2E8777E22520B0200FA4039 /* material.cpp in Sources */,
				B2EFDD19224CCDB3004DA25E /* hitableList.cpp in Sources */,
				B2EFDD452250CC53004DA25E /* movingSphere.cpp in Sources */,
				B2E877812252298E00FA4039 /* hitable.cpp in Sources */,
				B2EFDD1C224CE789004DA25E /* camera.cpp in Sources */,
				B2EFDD06224BCC29004DA25E /* main.cpp in Sources */,
			);
			runOnlyForDeploymentPostprocessing = 0;
		};
/* End PBXSourcesBuildPhase section */

/* Begin XCBuildConfiguration section */
		B2EFDD07224BCC29004DA25E /* Debug */ = {
			isa = XCBuildConfiguration;
			buildSettings = {
				ALWAYS_SEARCH_USER_PATHS = NO;
				CLANG_ANALYZER_NONNULL = YES;
				CLANG_ANALYZER_NUMBER_OBJECT_CONVERSION = YES_AGGRESSIVE;
				CLANG_CXX_LANGUAGE_STANDARD = "gnu++14";
				CLANG_CXX_LIBRARY = "libc++";
				CLANG_ENABLE_MODULES = YES;
				CLANG_ENABLE_OBJC_ARC = YES;
				CLANG_ENABLE_OBJC_WEAK = YES;
				CLANG_WARN_BLOCK_CAPTURE_AUTORELEASING = YES;
				CLANG_WARN_BOOL_CONVERSION = YES;
				CLANG_WARN_COMMA = YES;
				CLANG_WARN_CONSTANT_CONVERSION = YES;
				CLANG_WARN_DEPRECATED_OBJC_IMPLEMENTATIONS = YES;
				CLANG_WARN_DIRECT_OBJC_ISA_USAGE = YES_ERROR;
				CLANG_WARN_DOCUMENTATION_COMMENTS = YES;
				CLANG_WARN_EMPTY_BODY = YES;
				CLANG_WARN_ENUM_CONVERSION = YES;
				CLANG_WARN_INFINITE_RECURSION = YES;
				CLANG_WARN_INT_CONVERSION = YES;
				CLANG_WARN_NON_LITERAL_NULL_CONVERSION = YES;
				CLANG_WARN_OBJC_IMPLICIT_RETAIN_SELF = YES;
				CLANG_WARN_OBJC_LITERAL_CONVERSION = YES;
				CLANG_WARN_OBJC_ROOT_CLASS = YES_ERROR;
				CLANG_WARN_RANGE_LOOP_ANALYSIS = YES;
				CLANG_WARN_STRICT_PROTOTYPES = YES;
				CLANG_WARN_SUSPICIOUS_MOVE = YES;
				CLANG_WARN_UNGUARDED_AVAILABILITY = YES_AGGRESSIVE;
				CLANG_WARN_UNREACHABLE_CODE = YES;
				CLANG_WARN__DUPLICATE_METHOD_MATCH = YES;
				CODE_SIGN_IDENTITY = "Mac Developer";
				COPY_PHASE_STRIP = NO;
				DEBUG_INFORMATION_FORMAT = dwarf;
				ENABLE_STRICT_OBJC_MSGSEND = YES;
				ENABLE_TESTABILITY = YES;
				GCC_C_LANGUAGE_STANDARD = gnu11;
				GCC_DYNAMIC_NO_PIC = NO;
				GCC_NO_COMMON_BLOCKS = YES;
				GCC_OPTIMIZATION_LEVEL = 0;
				GCC_PREPROCESSOR_DEFINITIONS = (
					"DEBUG=1",
					"$(inherited)",
				);
				GCC_WARN_64_TO_32_BIT_CONVERSION = YES;
				GCC_WARN_ABOUT_RETURN_TYPE = YES_ERROR;
				GCC_WARN_UNDECLARED_SELECTOR = YES;
				GCC_WARN_UNINITIALIZED_AUTOS = YES_AGGRESSIVE;
				GCC_WARN_UNUSED_FUNCTION = YES;
				GCC_WARN_UNUSED_VARIABLE = YES;
				MACOSX_DEPLOYMENT_TARGET = 10.14;
				MTL_ENABLE_DEBUG_INFO = INCLUDE_SOURCE;
				MTL_FAST_MATH = YES;
				ONLY_ACTIVE_ARCH = YES;
				SDKROOT = macosx;
			};
			name = Debug;
		};
		B2EFDD08224BCC29004DA25E /* Release */ = {
			isa = XCBuildConfiguration;
			buildSettings = {
				ALWAYS_SEARCH_USER_PATHS = NO;
				CLANG_ANALYZER_NONNULL = YES;
				CLANG_ANALYZER_NUMBER_OBJECT_CONVERSION = YES_AGGRESSIVE;
				CLANG_CXX_LANGUAGE_STANDARD = "gnu++14";
				CLANG_CXX_LIBRARY = "libc++";
				CLANG_ENABLE_MODULES = YES;
				CLANG_ENABLE_OBJC_ARC = YES;
				CLANG_ENABLE_OBJC_WEAK = YES;
				CLANG_WARN_BLOCK_CAPTURE_AUTORELEASING = YES;
				CLANG_WARN_BOOL_CONVERSION = YES;
				CLANG_WARN_COMMA = YES;
				CLANG_WARN_CONSTANT_CONVERSION = YES;
				CLANG_WARN_DEPRECATED_OBJC_IMPLEMENTATIONS = YES;
				CLANG_WARN_DIRECT_OBJC_ISA_USAGE = YES_ERROR;
				CLANG_WARN_DOCUMENTATION_COMMENTS = YES;
				CLANG_WARN_EMPTY_BODY = YES;
				CLANG_WARN_ENUM_CONVERSION = YES;
				CLANG_WARN_INFINITE_RECURSION = YES;
				CLANG_WARN_INT_CONVERSION = YES;
				CLANG_WARN_NON_LITERAL_NULL_CONVERSION = YES;
				CLANG_WARN_OBJC_IMPLICIT_RETAIN_SELF = YES;
				CLANG_WARN_OBJC_LITERAL_CONVERSION = YES;
				CLANG_WARN_OBJC_ROOT_CLASS = YES_ERROR;
				CLANG_WARN_RANGE_LOOP_ANALYSIS = YES;
				CLANG_WARN_STRICT_PROTOTYPES = YES;
				CLANG_WARN_SUSPICIOUS_MOVE = YES;
				CLANG_WARN_UNGUARDED_AVAILABILITY = YES_AGGRESSIVE;
				CLANG_WARN_UNREACHABLE_CODE = YES;
				CLANG_WARN__DUPLICATE_METHOD_MATCH = YES;
				CODE_SIGN_IDENTITY = "Mac Developer";
				COPY_PHASE_STRIP = NO;
				DEBUG_INFORMATION_FORMAT = "dwarf-with-dsym";
				ENABLE_NS_ASSERTIONS = NO;
				ENABLE_STRICT_OBJC_MSGSEND = YES;
				GCC_C_LANGUAGE_STANDARD = gnu11;
				GCC_NO_COMMON_BLOCKS = YES;
				GCC_WARN_64_TO_32_BIT_CONVERSION = YES;
				GCC_WARN_ABOUT_RETURN_TYPE = YES_ERROR;
				GCC_WARN_UNDECLARED_SELECTOR = YES;
				GCC_WARN_UNINITIALIZED_AUTOS = YES_AGGRESSIVE;
				GCC_WARN_UNUSED_FUNCTION = YES;
				GCC_WARN_UNUSED_VARIABLE = YES;
				MACOSX_DEPLOYMENT_TARGET = 10.14;
				MTL_ENABLE_DEBUG_INFO = NO;
				MTL_FAST_MATH = YES;
				SDKROOT = macosx;
			};
			name = Release;
		};
		B2EFDD0A224BCC29004DA25E /* Debug */ = {
			isa = XCBuildConfiguration;
			buildSettings = {
				CODE_SIGN_STYLE = Automatic;
				DEVELOPMENT_TEAM = 645KW6E9YH;
				PRODUCT_NAME = "$(TARGET_NAME)";
			};
			name = Debug;
		};
		B2EFDD0B224BCC29004DA25E /* Release */ = {
			isa = XCBuildConfiguration;
			buildSettings = {
				CODE_SIGN_STYLE = Automatic;
				DEVELOPMENT_TEAM = 645KW6E9YH;
				PRODUCT_NAME = "$(TARGET_NAME)";
			};
			name = Release;
		};
/* End XCBuildConfiguration section */

/* Begin XCConfigurationList section */
		B2EFDCFD224BCC29004DA25E /* Build configuration list for PBXProject "BasicRayTracing" */ = {
			isa = XCConfigurationList;
			buildConfigurations = (
				B2EFDD07224BCC29004DA25E /* Debug */,
				B2EFDD08224BCC29004DA25E /* Release */,
			);
			defaultConfigurationIsVisible = 0;
			defaultConfigurationName = Release;
		};
		B2EFDD09224BCC29004DA25E /* Build configuration list for PBXNativeTarget "BasicRayTracing" */ = {
			isa = XCConfigurationList;
			buildConfigurations = (
				B2EFDD0A224BCC29004DA25E /* Debug */,
				B2EFDD0B224BCC29004DA25E /* Release */,
			);
			defaultConfigurationIsVisible = 0;
			defaultConfigurationName = Release;
		};
/* End XCConfigurationList section */
	};
	rootObject = B2EFDCFA224BCC29004DA25E /* Project object */;
}
